
Microsoft Visual Studio Solution File, Format Version 12.00
# Visual Studio Version 17
VisualStudioVersion = 17.14.36518.9 d17.14
MinimumVisualStudioVersion = 10.0.40219.1
Project("{FAE04EC0-301F-11D3-BF4B-00C04F79EFBC}") = "Ejercicio1", "Ejercicio1\Ejercicio1.csproj", "{58C70DBF-466B-4B58-8986-2AD67DE36948}"
EndProject
Global
	GlobalSection(SolutionConfigurationPlatforms) = preSolution
		Debug|Any CPU = Debug|Any CPU
		Release|Any CPU = Release|Any CPU
	EndGlobalSection
	GlobalSection(ProjectConfigurationPlatforms) = postSolution
		{58C70DBF-466B-4B58-8986-2AD67DE36948}.Debug|Any CPU.ActiveCfg = Debug|Any CPU
		{58C70DBF-466B-4B58-8986-2AD67DE36948}.Debug|Any CPU.Build.0 = Debug|Any CPU
		{58C70DBF-466B-4B58-8986-2AD67DE36948}.Release|Any CPU.ActiveCfg = Release|Any CPU
		{58C70DBF-466B-4B58-8986-2AD67DE36948}.Release|Any CPU.Build.0 = Release|Any CPU
	EndGlobalSection
	GlobalSection(SolutionProperties) = preSolution
		HideSolutionNode = FALSE
	EndGlobalSection
	GlobalSection(ExtensibilityGlobals) = postSolution
		SolutionGuid = {DA4C69C4-B8A2-473D-A7D0-B754A18ADD8F}
	EndGlobalSection
EndGlobal
