
Microsoft Visual Studio Solution File, Format Version 12.00
# Visual Studio Version 17
VisualStudioVersion = 17.14.36511.14 d17.14
MinimumVisualStudioVersion = 10.0.40219.1
Project("{FAE04EC0-301F-11D3-BF4B-00C04F79EFBC}") = "Ejercicio8", "Ejercicio8\Ejercicio8.csproj", "{3CECF89E-E0DF-4822-B677-A8267E1D81D3}"
EndProject
Global
	GlobalSection(SolutionConfigurationPlatforms) = preSolution
		Debug|Any CPU = Debug|Any CPU
		Release|Any CPU = Release|Any CPU
	EndGlobalSection
	GlobalSection(ProjectConfigurationPlatforms) = postSolution
		{3CECF89E-E0DF-4822-B677-A8267E1D81D3}.Debug|Any CPU.ActiveCfg = Debug|Any CPU
		{3CECF89E-E0DF-4822-B677-A8267E1D81D3}.Debug|Any CPU.Build.0 = Debug|Any CPU
		{3CECF89E-E0DF-4822-B677-A8267E1D81D3}.Release|Any CPU.ActiveCfg = Release|Any CPU
		{3CECF89E-E0DF-4822-B677-A8267E1D81D3}.Release|Any CPU.Build.0 = Release|Any CPU
	EndGlobalSection
	GlobalSection(SolutionProperties) = preSolution
		HideSolutionNode = FALSE
	EndGlobalSection
	GlobalSection(ExtensibilityGlobals) = postSolution
		SolutionGuid = {7C7FABF6-6306-4CA2-95E7-B49ABB513585}
	EndGlobalSection
EndGlobal
