
Microsoft Visual Studio Solution File, Format Version 12.00
# Visual Studio Version 17
VisualStudioVersion = 17.14.36511.14 d17.14
MinimumVisualStudioVersion = 10.0.40219.1
Project("{FAE04EC0-301F-11D3-BF4B-00C04F79EFBC}") = "Ejercicio2.6", "Ejercicio2.6\Ejercicio2.6.csproj", "{59DD0E77-1D2F-48A0-A9D3-18C48A448D98}"
EndProject
Global
	GlobalSection(SolutionConfigurationPlatforms) = preSolution
		Debug|Any CPU = Debug|Any CPU
		Release|Any CPU = Release|Any CPU
	EndGlobalSection
	GlobalSection(ProjectConfigurationPlatforms) = postSolution
		{59DD0E77-1D2F-48A0-A9D3-18C48A448D98}.Debug|Any CPU.ActiveCfg = Debug|Any CPU
		{59DD0E77-1D2F-48A0-A9D3-18C48A448D98}.Debug|Any CPU.Build.0 = Debug|Any CPU
		{59DD0E77-1D2F-48A0-A9D3-18C48A448D98}.Release|Any CPU.ActiveCfg = Release|Any CPU
		{59DD0E77-1D2F-48A0-A9D3-18C48A448D98}.Release|Any CPU.Build.0 = Release|Any CPU
	EndGlobalSection
	GlobalSection(SolutionProperties) = preSolution
		HideSolutionNode = FALSE
	EndGlobalSection
	GlobalSection(ExtensibilityGlobals) = postSolution
		SolutionGuid = {F8B09B62-DF08-4A70-95A6-9C19CBD592F1}
	EndGlobalSection
EndGlobal
