
Microsoft Visual Studio Solution File, Format Version 12.00
# Visual Studio Version 17
VisualStudioVersion = 17.14.36511.14 d17.14
MinimumVisualStudioVersion = 10.0.40219.1
Project("{FAE04EC0-301F-11D3-BF4B-00C04F79EFBC}") = "Ejercicio 3.5", "Ejercicio 3.5\Ejercicio 3.5.csproj", "{41278FBA-7EE2-45A7-AE38-BFACA2BB1B61}"
EndProject
Global
	GlobalSection(SolutionConfigurationPlatforms) = preSolution
		Debug|Any CPU = Debug|Any CPU
		Release|Any CPU = Release|Any CPU
	EndGlobalSection
	GlobalSection(ProjectConfigurationPlatforms) = postSolution
		{41278FBA-7EE2-45A7-AE38-BFACA2BB1B61}.Debug|Any CPU.ActiveCfg = Debug|Any CPU
		{41278FBA-7EE2-45A7-AE38-BFACA2BB1B61}.Debug|Any CPU.Build.0 = Debug|Any CPU
		{41278FBA-7EE2-45A7-AE38-BFACA2BB1B61}.Release|Any CPU.ActiveCfg = Release|Any CPU
		{41278FBA-7EE2-45A7-AE38-BFACA2BB1B61}.Release|Any CPU.Build.0 = Release|Any CPU
	EndGlobalSection
	GlobalSection(SolutionProperties) = preSolution
		HideSolutionNode = FALSE
	EndGlobalSection
	GlobalSection(ExtensibilityGlobals) = postSolution
		SolutionGuid = {EB4AB10D-0FC2-42BC-991D-C61AAB6377C2}
	EndGlobalSection
EndGlobal
