
Microsoft Visual Studio Solution File, Format Version 12.00
# Visual Studio Version 17
VisualStudioVersion = 17.14.36511.14 d17.14
MinimumVisualStudioVersion = 10.0.40219.1
Project("{FAE04EC0-301F-11D3-BF4B-00C04F79EFBC}") = "Calculo", "Calculo\Calculo.csproj", "{073CA3BD-27D8-491C-BC27-71819012FF6B}"
EndProject
Global
	GlobalSection(SolutionConfigurationPlatforms) = preSolution
		Debug|Any CPU = Debug|Any CPU
		Release|Any CPU = Release|Any CPU
	EndGlobalSection
	GlobalSection(ProjectConfigurationPlatforms) = postSolution
		{073CA3BD-27D8-491C-BC27-71819012FF6B}.Debug|Any CPU.ActiveCfg = Debug|Any CPU
		{073CA3BD-27D8-491C-BC27-71819012FF6B}.Debug|Any CPU.Build.0 = Debug|Any CPU
		{073CA3BD-27D8-491C-BC27-71819012FF6B}.Release|Any CPU.ActiveCfg = Release|Any CPU
		{073CA3BD-27D8-491C-BC27-71819012FF6B}.Release|Any CPU.Build.0 = Release|Any CPU
	EndGlobalSection
	GlobalSection(SolutionProperties) = preSolution
		HideSolutionNode = FALSE
	EndGlobalSection
	GlobalSection(ExtensibilityGlobals) = postSolution
		SolutionGuid = {70B0989D-7C76-473E-96F8-822519C535C0}
	EndGlobalSection
EndGlobal
